// !$*UTF8*$!
{
	archiveVersion = 1;
	classes = {
	};
	objectVersion = 50;
	objects = {

/* Begin PBXBuildFile section */
		3612D65725679B6F003361CE /* Responses.swift in Sources */ = {isa = PBXBuildFile; fileRef = 3612D65625679B6F003361CE /* Responses.swift */; };
		3612D6592567A23F003361CE /* APINetworking.swift in Sources */ = {isa = PBXBuildFile; fileRef = 3612D6582567A23F003361CE /* APINetworking.swift */; };
		36675D9C2566836B0098192B /* AppDelegate.swift in Sources */ = {isa = PBXBuildFile; fileRef = 36675D9B2566836B0098192B /* AppDelegate.swift */; };
		36675D9E2566836B0098192B /* SceneDelegate.swift in Sources */ = {isa = PBXBuildFile; fileRef = 36675D9D2566836B0098192B /* SceneDelegate.swift */; };
		36675DA02566836B0098192B /* ContentView.swift in Sources */ = {isa = PBXBuildFile; fileRef = 36675D9F2566836B0098192B /* ContentView.swift */; };
		36675DA22566836E0098192B /* Assets.xcassets in Resources */ = {isa = PBXBuildFile; fileRef = 36675DA12566836E0098192B /* Assets.xcassets */; };
		36675DA52566836E0098192B /* Preview Assets.xcassets in Resources */ = {isa = PBXBuildFile; fileRef = 36675DA42566836E0098192B /* Preview Assets.xcassets */; };
		36675DA82566836E0098192B /* LaunchScreen.storyboard in Resources */ = {isa = PBXBuildFile; fileRef = 36675DA62566836E0098192B /* LaunchScreen.storyboard */; };
		368420802569203600C74879 /* Errors.swift in Sources */ = {isa = PBXBuildFile; fileRef = 3684207F2569203600C74879 /* Errors.swift */; };
		368420822569216800C74879 /* Parsing.swift in Sources */ = {isa = PBXBuildFile; fileRef = 368420812569216800C74879 /* Parsing.swift */; };
/* End PBXBuildFile section */

/* Begin PBXFileReference section */
		3612D65625679B6F003361CE /* Responses.swift */ = {isa = PBXFileReference; lastKnownFileType = sourcecode.swift; path = Responses.swift; sourceTree = "<group>"; };
		3612D6582567A23F003361CE /* APINetworking.swift */ = {isa = PBXFileReference; lastKnownFileType = sourcecode.swift; path = APINetworking.swift; sourceTree = "<group>"; };
		36675D982566836B0098192B /* SneakPeek.app */ = {isa = PBXFileReference; explicitFileType = wrapper.application; includeInIndex = 0; path = SneakPeek.app; sourceTree = BUILT_PRODUCTS_DIR; };
		36675D9B2566836B0098192B /* AppDelegate.swift */ = {isa = PBXFileReference; lastKnownFileType = sourcecode.swift; path = AppDelegate.swift; sourceTree = "<group>"; };
		36675D9D2566836B0098192B /* SceneDelegate.swift */ = {isa = PBXFileReference; lastKnownFileType = sourcecode.swift; path = SceneDelegate.swift; sourceTree = "<group>"; };
		36675D9F2566836B0098192B /* ContentView.swift */ = {isa = PBXFileReference; lastKnownFileType = sourcecode.swift; path = ContentView.swift; sourceTree = "<group>"; };
		36675DA12566836E0098192B /* Assets.xcassets */ = {isa = PBXFileReference; lastKnownFileType = folder.assetcatalog; path = Assets.xcassets; sourceTree = "<group>"; };
		36675DA42566836E0098192B /* Preview Assets.xcassets */ = {isa = PBXFileReference; lastKnownFileType = folder.assetcatalog; path = "Preview Assets.xcassets"; sourceTree = "<group>"; };
		36675DA72566836E0098192B /* Base */ = {isa = PBXFileReference; lastKnownFileType = file.storyboard; name = Base; path = Base.lproj/LaunchScreen.storyboard; sourceTree = "<group>"; };
		36675DA92566836E0098192B /* Info.plist */ = {isa = PBXFileReference; lastKnownFileType = text.plist.xml; path = Info.plist; sourceTree = "<group>"; };
		3684207F2569203600C74879 /* Errors.swift */ = {isa = PBXFileReference; lastKnownFileType = sourcecode.swift; path = Errors.swift; sourceTree = "<group>"; };
		368420812569216800C74879 /* Parsing.swift */ = {isa = PBXFileReference; lastKnownFileType = sourcecode.swift; path = Parsing.swift; sourceTree = "<group>"; };
/* End PBXFileReference section */

/* Begin PBXFrameworksBuildPhase section */
		36675D952566836B0098192B /* Frameworks */ = {
			isa = PBXFrameworksBuildPhase;
			buildActionMask = 2147483647;
			files = (
			);
			runOnlyForDeploymentPostprocessing = 0;
		};
/* End PBXFrameworksBuildPhase section */

/* Begin PBXGroup section */
		3612D65525679B4A003361CE /* Model */ = {
			isa = PBXGroup;
			children = (
				3612D65625679B6F003361CE /* Responses.swift */,
				3612D6582567A23F003361CE /* APINetworking.swift */,
				3684207F2569203600C74879 /* Errors.swift */,
			);
			path = Model;
			sourceTree = "<group>";
		};
		36675D8F2566836B0098192B = {
			isa = PBXGroup;
			children = (
				36675D9A2566836B0098192B /* SneakPeek */,
				36675D992566836B0098192B /* Products */,
			);
			sourceTree = "<group>";
		};
		36675D992566836B0098192B /* Products */ = {
			isa = PBXGroup;
			children = (
				36675D982566836B0098192B /* SneakPeek.app */,
			);
			name = Products;
			sourceTree = "<group>";
		};
		36675D9A2566836B0098192B /* SneakPeek */ = {
			isa = PBXGroup;
			children = (
				368420832569218900C74879 /* Utility */,
				3612D65525679B4A003361CE /* Model */,
				36675D9B2566836B0098192B /* AppDelegate.swift */,
				36675D9D2566836B0098192B /* SceneDelegate.swift */,
				36675D9F2566836B0098192B /* ContentView.swift */,
				36675DA12566836E0098192B /* Assets.xcassets */,
				36675DA62566836E0098192B /* LaunchScreen.storyboard */,
				36675DA92566836E0098192B /* Info.plist */,
				36675DA32566836E0098192B /* Preview Content */,
			);
			path = SneakPeek;
			sourceTree = "<group>";
		};
		36675DA32566836E0098192B /* Preview Content */ = {
			isa = PBXGroup;
			children = (
				36675DA42566836E0098192B /* Preview Assets.xcassets */,
			);
			path = "Preview Content";
			sourceTree = "<group>";
		};
		368420832569218900C74879 /* Utility */ = {
			isa = PBXGroup;
			children = (
				368420812569216800C74879 /* Parsing.swift */,
			);
			path = Utility;
			sourceTree = "<group>";
		};
/* End PBXGroup section */

/* Begin PBXNativeTarget section */
		36675D972566836B0098192B /* SneakPeek */ = {
			isa = PBXNativeTarget;
			buildConfigurationList = 36675DAC2566836E0098192B /* Build configuration list for PBXNativeTarget "SneakPeek" */;
			buildPhases = (
				36675D942566836B0098192B /* Sources */,
				36675D952566836B0098192B /* Frameworks */,
				36675D962566836B0098192B /* Resources */,
			);
			buildRules = (
			);
			dependencies = (
			);
			name = SneakPeek;
			productName = SneakPeek;
			productReference = 36675D982566836B0098192B /* SneakPeek.app */;
			productType = "com.apple.product-type.application";
		};
/* End PBXNativeTarget section */

/* Begin PBXProject section */
		36675D902566836B0098192B /* Project object */ = {
			isa = PBXProject;
			attributes = {
				LastSwiftUpdateCheck = 1160;
				LastUpgradeCheck = 1160;
				ORGANIZATIONNAME = "Jun suk Bang";
				TargetAttributes = {
					36675D972566836B0098192B = {
						CreatedOnToolsVersion = 11.6;
					};
				};
			};
			buildConfigurationList = 36675D932566836B0098192B /* Build configuration list for PBXProject "SneakPeek" */;
			compatibilityVersion = "Xcode 9.3";
			developmentRegion = en;
			hasScannedForEncodings = 0;
			knownRegions = (
				en,
				Base,
			);
			mainGroup = 36675D8F2566836B0098192B;
			productRefGroup = 36675D992566836B0098192B /* Products */;
			projectDirPath = "";
			projectRoot = "";
			targets = (
				36675D972566836B0098192B /* SneakPeek */,
			);
		};
/* End PBXProject section */

/* Begin PBXResourcesBuildPhase section */
		36675D962566836B0098192B /* Resources */ = {
			isa = PBXResourcesBuildPhase;
			buildActionMask = 2147483647;
			files = (
				36675DA82566836E0098192B /* LaunchScreen.storyboard in Resources */,
				36675DA52566836E0098192B /* Preview Assets.xcassets in Resources */,
				36675DA22566836E0098192B /* Assets.xcassets in Resources */,
			);
			runOnlyForDeploymentPostprocessing = 0;
		};
/* End PBXResourcesBuildPhase section */

/* Begin PBXSourcesBuildPhase section */
		36675D942566836B0098192B /* Sources */ = {
			isa = PBXSourcesBuildPhase;
			buildActionMask = 2147483647;
			files = (
				368420822569216800C74879 /* Parsing.swift in Sources */,
				3612D65725679B6F003361CE /* Responses.swift in Sources */,
				3612D6592567A23F003361CE /* APINetworking.swift in Sources */,
				36675D9C2566836B0098192B /* AppDelegate.swift in Sources */,
				36675D9E2566836B0098192B /* SceneDelegate.swift in Sources */,
				368420802569203600C74879 /* Errors.swift in Sources */,
				36675DA02566836B0098192B /* ContentView.swift in Sources */,
			);
			runOnlyForDeploymentPostprocessing = 0;
		};
/* End PBXSourcesBuildPhase section */

/* Begin PBXVariantGroup section */
		36675DA62566836E0098192B /* LaunchScreen.storyboard */ = {
			isa = PBXVariantGroup;
			children = (
				36675DA72566836E0098192B /* Base */,
			);
			name = LaunchScreen.storyboard;
			sourceTree = "<group>";
		};
/* End PBXVariantGroup section */

/* Begin XCBuildConfiguration section */
		36675DAA2566836E0098192B /* Debug */ = {
			isa = XCBuildConfiguration;
			buildSettings = {
				ALWAYS_SEARCH_USER_PATHS = NO;
				CLANG_ANALYZER_NONNULL = YES;
				CLANG_ANALYZER_NUMBER_OBJECT_CONVERSION = YES_AGGRESSIVE;
				CLANG_CXX_LANGUAGE_STANDARD = "gnu++14";
				CLANG_CXX_LIBRARY = "libc++";
				CLANG_ENABLE_MODULES = YES;
				CLANG_ENABLE_OBJC_ARC = YES;
				CLANG_ENABLE_OBJC_WEAK = YES;
				CLANG_WARN_BLOCK_CAPTURE_AUTORELEASING = YES;
				CLANG_WARN_BOOL_CONVERSION = YES;
				CLANG_WARN_COMMA = YES;
				CLANG_WARN_CONSTANT_CONVERSION = YES;
				CLANG_WARN_DEPRECATED_OBJC_IMPLEMENTATIONS = YES;
				CLANG_WARN_DIRECT_OBJC_ISA_USAGE = YES_ERROR;
				CLANG_WARN_DOCUMENTATION_COMMENTS = YES;
				CLANG_WARN_EMPTY_BODY = YES;
				CLANG_WARN_ENUM_CONVERSION = YES;
				CLANG_WARN_INFINITE_RECURSION = YES;
				CLANG_WARN_INT_CONVERSION = YES;
				CLANG_WARN_NON_LITERAL_NULL_CONVERSION = YES;
				CLANG_WARN_OBJC_IMPLICIT_RETAIN_SELF = YES;
				CLANG_WARN_OBJC_LITERAL_CONVERSION = YES;
				CLANG_WARN_OBJC_ROOT_CLASS = YES_ERROR;
				CLANG_WARN_RANGE_LOOP_ANALYSIS = YES;
				CLANG_WARN_STRICT_PROTOTYPES = YES;
				CLANG_WARN_SUSPICIOUS_MOVE = YES;
				CLANG_WARN_UNGUARDED_AVAILABILITY = YES_AGGRESSIVE;
				CLANG_WARN_UNREACHABLE_CODE = YES;
				CLANG_WARN__DUPLICATE_METHOD_MATCH = YES;
				COPY_PHASE_STRIP = NO;
				DEBUG_INFORMATION_FORMAT = dwarf;
				ENABLE_STRICT_OBJC_MSGSEND = YES;
				ENABLE_TESTABILITY = YES;
				GCC_C_LANGUAGE_STANDARD = gnu11;
				GCC_DYNAMIC_NO_PIC = NO;
				GCC_NO_COMMON_BLOCKS = YES;
				GCC_OPTIMIZATION_LEVEL = 0;
				GCC_PREPROCESSOR_DEFINITIONS = (
					"DEBUG=1",
					"$(inherited)",
				);
				GCC_WARN_64_TO_32_BIT_CONVERSION = YES;
				GCC_WARN_ABOUT_RETURN_TYPE = YES_ERROR;
				GCC_WARN_UNDECLARED_SELECTOR = YES;
				GCC_WARN_UNINITIALIZED_AUTOS = YES_AGGRESSIVE;
				GCC_WARN_UNUSED_FUNCTION = YES;
				GCC_WARN_UNUSED_VARIABLE = YES;
				IPHONEOS_DEPLOYMENT_TARGET = 13.6;
				MTL_ENABLE_DEBUG_INFO = INCLUDE_SOURCE;
				MTL_FAST_MATH = YES;
				ONLY_ACTIVE_ARCH = YES;
				SDKROOT = iphoneos;
				SWIFT_ACTIVE_COMPILATION_CONDITIONS = DEBUG;
				SWIFT_OPTIMIZATION_LEVEL = "-Onone";
			};
			name = Debug;
		};
		36675DAB2566836E0098192B /* Release */ = {
			isa = XCBuildConfiguration;
			buildSettings = {
				ALWAYS_SEARCH_USER_PATHS = NO;
				CLANG_ANALYZER_NONNULL = YES;
				CLANG_ANALYZER_NUMBER_OBJECT_CONVERSION = YES_AGGRESSIVE;
				CLANG_CXX_LANGUAGE_STANDARD = "gnu++14";
				CLANG_CXX_LIBRARY = "libc++";
				CLANG_ENABLE_MODULES = YES;
				CLANG_ENABLE_OBJC_ARC = YES;
				CLANG_ENABLE_OBJC_WEAK = YES;
				CLANG_WARN_BLOCK_CAPTURE_AUTORELEASING = YES;
				CLANG_WARN_BOOL_CONVERSION = YES;
				CLANG_WARN_COMMA = YES;
				CLANG_WARN_CONSTANT_CONVERSION = YES;
				CLANG_WARN_DEPRECATED_OBJC_IMPLEMENTATIONS = YES;
				CLANG_WARN_DIRECT_OBJC_ISA_USAGE = YES_ERROR;
				CLANG_WARN_DOCUMENTATION_COMMENTS = YES;
				CLANG_WARN_EMPTY_BODY = YES;
				CLANG_WARN_ENUM_CONVERSION = YES;
				CLANG_WARN_INFINITE_RECURSION = YES;
				CLANG_WARN_INT_CONVERSION = YES;
				CLANG_WARN_NON_LITERAL_NULL_CONVERSION = YES;
				CLANG_WARN_OBJC_IMPLICIT_RETAIN_SELF = YES;
				CLANG_WARN_OBJC_LITERAL_CONVERSION = YES;
				CLANG_WARN_OBJC_ROOT_CLASS = YES_ERROR;
				CLANG_WARN_RANGE_LOOP_ANALYSIS = YES;
				CLANG_WARN_STRICT_PROTOTYPES = YES;
				CLANG_WARN_SUSPICIOUS_MOVE = YES;
				CLANG_WARN_UNGUARDED_AVAILABILITY = YES_AGGRESSIVE;
				CLANG_WARN_UNREACHABLE_CODE = YES;
				CLANG_WARN__DUPLICATE_METHOD_MATCH = YES;
				COPY_PHASE_STRIP = NO;
				DEBUG_INFORMATION_FORMAT = "dwarf-with-dsym";
				ENABLE_NS_ASSERTIONS = NO;
				ENABLE_STRICT_OBJC_MSGSEND = YES;
				GCC_C_LANGUAGE_STANDARD = gnu11;
				GCC_NO_COMMON_BLOCKS = YES;
				GCC_WARN_64_TO_32_BIT_CONVERSION = YES;
				GCC_WARN_ABOUT_RETURN_TYPE = YES_ERROR;
				GCC_WARN_UNDECLARED_SELECTOR = YES;
				GCC_WARN_UNINITIALIZED_AUTOS = YES_AGGRESSIVE;
				GCC_WARN_UNUSED_FUNCTION = YES;
				GCC_WARN_UNUSED_VARIABLE = YES;
				IPHONEOS_DEPLOYMENT_TARGET = 13.6;
				MTL_ENABLE_DEBUG_INFO = NO;
				MTL_FAST_MATH = YES;
				SDKROOT = iphoneos;
				SWIFT_COMPILATION_MODE = wholemodule;
				SWIFT_OPTIMIZATION_LEVEL = "-O";
				VALIDATE_PRODUCT = YES;
			};
			name = Release;
		};
		36675DAD2566836E0098192B /* Debug */ = {
			isa = XCBuildConfiguration;
			buildSettings = {
				ASSETCATALOG_COMPILER_APPICON_NAME = AppIcon;
				CODE_SIGN_STYLE = Automatic;
				DEVELOPMENT_ASSET_PATHS = "\"SneakPeek/Preview Content\"";
				ENABLE_PREVIEWS = YES;
				INFOPLIST_FILE = SneakPeek/Info.plist;
				LD_RUNPATH_SEARCH_PATHS = (
					"$(inherited)",
					"@executable_path/Frameworks",
				);
				PRODUCT_BUNDLE_IDENTIFIER = Olaf.SneakPeek;
				PRODUCT_NAME = "$(TARGET_NAME)";
				SWIFT_VERSION = 5.0;
				TARGETED_DEVICE_FAMILY = "1,2";
			};
			name = Debug;
		};
		36675DAE2566836E0098192B /* Release */ = {
			isa = XCBuildConfiguration;
			buildSettings = {
				ASSETCATALOG_COMPILER_APPICON_NAME = AppIcon;
				CODE_SIGN_STYLE = Automatic;
				DEVELOPMENT_ASSET_PATHS = "\"SneakPeek/Preview Content\"";
				ENABLE_PREVIEWS = YES;
				INFOPLIST_FILE = SneakPeek/Info.plist;
				LD_RUNPATH_SEARCH_PATHS = (
					"$(inherited)",
					"@executable_path/Frameworks",
				);
				PRODUCT_BUNDLE_IDENTIFIER = Olaf.SneakPeek;
				PRODUCT_NAME = "$(TARGET_NAME)";
				SWIFT_VERSION = 5.0;
				TARGETED_DEVICE_FAMILY = "1,2";
			};
			name = Release;
		};
/* End XCBuildConfiguration section */

/* Begin XCConfigurationList section */
		36675D932566836B0098192B /* Build configuration list for PBXProject "SneakPeek" */ = {
			isa = XCConfigurationList;
			buildConfigurations = (
				36675DAA2566836E0098192B /* Debug */,
				36675DAB2566836E0098192B /* Release */,
			);
			defaultConfigurationIsVisible = 0;
			defaultConfigurationName = Release;
		};
		36675DAC2566836E0098192B /* Build configuration list for PBXNativeTarget "SneakPeek" */ = {
			isa = XCConfigurationList;
			buildConfigurations = (
				36675DAD2566836E0098192B /* Debug */,
				36675DAE2566836E0098192B /* Release */,
			);
			defaultConfigurationIsVisible = 0;
			defaultConfigurationName = Release;
		};
/* End XCConfigurationList section */
	};
	rootObject = 36675D902566836B0098192B /* Project object */;
}
