// !$*UTF8*$!
{
	archiveVersion = 1;
	classes = {
	};
	objectVersion = 50;
	objects = {

/* Begin PBXBuildFile section */
		1CFD92559F1FC9AA6B9567CF /* Pods_SneakPeek.framework in Frameworks */ = {isa = PBXBuildFile; fileRef = 5C7B7CDCF73E83AF651E7A34 /* Pods_SneakPeek.framework */; };
		3612D65725679B6F003361CE /* Responses.swift in Sources */ = {isa = PBXBuildFile; fileRef = 3612D65625679B6F003361CE /* Responses.swift */; };
		3612D6592567A23F003361CE /* APINetworking.swift in Sources */ = {isa = PBXBuildFile; fileRef = 3612D6582567A23F003361CE /* APINetworking.swift */; };
		3618F4BF2571571E00E178EC /* Thumbnaill.swift in Sources */ = {isa = PBXBuildFile; fileRef = 3618F4BE2571571E00E178EC /* Thumbnaill.swift */; };
		3618F4C125722DC300E178EC /* ProductViewBuilder.swift in Sources */ = {isa = PBXBuildFile; fileRef = 3618F4C025722DC300E178EC /* ProductViewBuilder.swift */; };
		3618F4C325722DF300E178EC /* TestView.swift in Sources */ = {isa = PBXBuildFile; fileRef = 3618F4C225722DF300E178EC /* TestView.swift */; };
		3618F4C52572304300E178EC /* ProductViewModel.swift in Sources */ = {isa = PBXBuildFile; fileRef = 3618F4C42572304300E178EC /* ProductViewModel.swift */; };
		3618F4C72572339E00E178EC /* ProductDetailsViewModel.swift in Sources */ = {isa = PBXBuildFile; fileRef = 3618F4C62572339E00E178EC /* ProductDetailsViewModel.swift */; };
		3618F4C925723A5A00E178EC /* Product.swift in Sources */ = {isa = PBXBuildFile; fileRef = 3618F4C825723A5A00E178EC /* Product.swift */; };
		3618F4CB2572610500E178EC /* NavigationButton.swift in Sources */ = {isa = PBXBuildFile; fileRef = 3618F4CA2572610500E178EC /* NavigationButton.swift */; };
		36583B5C256B96F70094C8AE /* SearchResult.swift in Sources */ = {isa = PBXBuildFile; fileRef = 36583B5B256B96F70094C8AE /* SearchResult.swift */; };
		36675D9C2566836B0098192B /* AppDelegate.swift in Sources */ = {isa = PBXBuildFile; fileRef = 36675D9B2566836B0098192B /* AppDelegate.swift */; };
		36675D9E2566836B0098192B /* SceneDelegate.swift in Sources */ = {isa = PBXBuildFile; fileRef = 36675D9D2566836B0098192B /* SceneDelegate.swift */; };
		36675DA02566836B0098192B /* ContentView.swift in Sources */ = {isa = PBXBuildFile; fileRef = 36675D9F2566836B0098192B /* ContentView.swift */; };
		36675DA22566836E0098192B /* Assets.xcassets in Resources */ = {isa = PBXBuildFile; fileRef = 36675DA12566836E0098192B /* Assets.xcassets */; };
		36675DA52566836E0098192B /* Preview Assets.xcassets in Resources */ = {isa = PBXBuildFile; fileRef = 36675DA42566836E0098192B /* Preview Assets.xcassets */; };
		36675DA82566836E0098192B /* LaunchScreen.storyboard in Resources */ = {isa = PBXBuildFile; fileRef = 36675DA62566836E0098192B /* LaunchScreen.storyboard */; };
		368420802569203600C74879 /* Errors.swift in Sources */ = {isa = PBXBuildFile; fileRef = 3684207F2569203600C74879 /* Errors.swift */; };
		368420822569216800C74879 /* Parsing.swift in Sources */ = {isa = PBXBuildFile; fileRef = 368420812569216800C74879 /* Parsing.swift */; };
		36842086256A273900C74879 /* SearchViewModel.swift in Sources */ = {isa = PBXBuildFile; fileRef = 36842085256A273900C74879 /* SearchViewModel.swift */; };
		36842088256A2C4C00C74879 /* SearchResultViewModel.swift in Sources */ = {isa = PBXBuildFile; fileRef = 36842087256A2C4C00C74879 /* SearchResultViewModel.swift */; };
		3684208B256A37C500C74879 /* Search.swift in Sources */ = {isa = PBXBuildFile; fileRef = 3684208A256A37C500C74879 /* Search.swift */; };
		3684208D256A399600C74879 /* MyColors.swift in Sources */ = {isa = PBXBuildFile; fileRef = 3684208C256A399600C74879 /* MyColors.swift */; };
/* End PBXBuildFile section */

/* Begin PBXFileReference section */
		3612D65625679B6F003361CE /* Responses.swift */ = {isa = PBXFileReference; lastKnownFileType = sourcecode.swift; path = Responses.swift; sourceTree = "<group>"; };
		3612D6582567A23F003361CE /* APINetworking.swift */ = {isa = PBXFileReference; lastKnownFileType = sourcecode.swift; path = APINetworking.swift; sourceTree = "<group>"; };
		3618F4BE2571571E00E178EC /* Thumbnaill.swift */ = {isa = PBXFileReference; lastKnownFileType = sourcecode.swift; path = Thumbnaill.swift; sourceTree = "<group>"; };
		3618F4C025722DC300E178EC /* ProductViewBuilder.swift */ = {isa = PBXFileReference; lastKnownFileType = sourcecode.swift; path = ProductViewBuilder.swift; sourceTree = "<group>"; };
		3618F4C225722DF300E178EC /* TestView.swift */ = {isa = PBXFileReference; lastKnownFileType = sourcecode.swift; path = TestView.swift; sourceTree = "<group>"; };
		3618F4C42572304300E178EC /* ProductViewModel.swift */ = {isa = PBXFileReference; lastKnownFileType = sourcecode.swift; path = ProductViewModel.swift; sourceTree = "<group>"; };
		3618F4C62572339E00E178EC /* ProductDetailsViewModel.swift */ = {isa = PBXFileReference; lastKnownFileType = sourcecode.swift; path = ProductDetailsViewModel.swift; sourceTree = "<group>"; };
		3618F4C825723A5A00E178EC /* Product.swift */ = {isa = PBXFileReference; lastKnownFileType = sourcecode.swift; path = Product.swift; sourceTree = "<group>"; };
		3618F4CA2572610500E178EC /* NavigationButton.swift */ = {isa = PBXFileReference; lastKnownFileType = sourcecode.swift; path = NavigationButton.swift; sourceTree = "<group>"; };
		36583B5B256B96F70094C8AE /* SearchResult.swift */ = {isa = PBXFileReference; lastKnownFileType = sourcecode.swift; path = SearchResult.swift; sourceTree = "<group>"; };
		36675D982566836B0098192B /* SneakPeek.app */ = {isa = PBXFileReference; explicitFileType = wrapper.application; includeInIndex = 0; path = SneakPeek.app; sourceTree = BUILT_PRODUCTS_DIR; };
		36675D9B2566836B0098192B /* AppDelegate.swift */ = {isa = PBXFileReference; lastKnownFileType = sourcecode.swift; path = AppDelegate.swift; sourceTree = "<group>"; };
		36675D9D2566836B0098192B /* SceneDelegate.swift */ = {isa = PBXFileReference; lastKnownFileType = sourcecode.swift; path = SceneDelegate.swift; sourceTree = "<group>"; };
		36675D9F2566836B0098192B /* ContentView.swift */ = {isa = PBXFileReference; lastKnownFileType = sourcecode.swift; path = ContentView.swift; sourceTree = "<group>"; };
		36675DA12566836E0098192B /* Assets.xcassets */ = {isa = PBXFileReference; lastKnownFileType = folder.assetcatalog; path = Assets.xcassets; sourceTree = "<group>"; };
		36675DA42566836E0098192B /* Preview Assets.xcassets */ = {isa = PBXFileReference; lastKnownFileType = folder.assetcatalog; path = "Preview Assets.xcassets"; sourceTree = "<group>"; };
		36675DA72566836E0098192B /* Base */ = {isa = PBXFileReference; lastKnownFileType = file.storyboard; name = Base; path = Base.lproj/LaunchScreen.storyboard; sourceTree = "<group>"; };
		36675DA92566836E0098192B /* Info.plist */ = {isa = PBXFileReference; lastKnownFileType = text.plist.xml; path = Info.plist; sourceTree = "<group>"; };
		3684207F2569203600C74879 /* Errors.swift */ = {isa = PBXFileReference; lastKnownFileType = sourcecode.swift; path = Errors.swift; sourceTree = "<group>"; };
		368420812569216800C74879 /* Parsing.swift */ = {isa = PBXFileReference; lastKnownFileType = sourcecode.swift; path = Parsing.swift; sourceTree = "<group>"; };
		36842085256A273900C74879 /* SearchViewModel.swift */ = {isa = PBXFileReference; lastKnownFileType = sourcecode.swift; path = SearchViewModel.swift; sourceTree = "<group>"; };
		36842087256A2C4C00C74879 /* SearchResultViewModel.swift */ = {isa = PBXFileReference; lastKnownFileType = sourcecode.swift; path = SearchResultViewModel.swift; sourceTree = "<group>"; };
		3684208A256A37C500C74879 /* Search.swift */ = {isa = PBXFileReference; lastKnownFileType = sourcecode.swift; path = Search.swift; sourceTree = "<group>"; };
		3684208C256A399600C74879 /* MyColors.swift */ = {isa = PBXFileReference; lastKnownFileType = sourcecode.swift; path = MyColors.swift; sourceTree = "<group>"; };
		5C7B7CDCF73E83AF651E7A34 /* Pods_SneakPeek.framework */ = {isa = PBXFileReference; explicitFileType = wrapper.framework; includeInIndex = 0; path = Pods_SneakPeek.framework; sourceTree = BUILT_PRODUCTS_DIR; };
		C7A97E829DAAA92C4C80AB7C /* Pods-SneakPeek.debug.xcconfig */ = {isa = PBXFileReference; includeInIndex = 1; lastKnownFileType = text.xcconfig; name = "Pods-SneakPeek.debug.xcconfig"; path = "Target Support Files/Pods-SneakPeek/Pods-SneakPeek.debug.xcconfig"; sourceTree = "<group>"; };
		F4587DCC95173B9753CC0EC1 /* Pods-SneakPeek.release.xcconfig */ = {isa = PBXFileReference; includeInIndex = 1; lastKnownFileType = text.xcconfig; name = "Pods-SneakPeek.release.xcconfig"; path = "Target Support Files/Pods-SneakPeek/Pods-SneakPeek.release.xcconfig"; sourceTree = "<group>"; };
/* End PBXFileReference section */

/* Begin PBXFrameworksBuildPhase section */
		36675D952566836B0098192B /* Frameworks */ = {
			isa = PBXFrameworksBuildPhase;
			buildActionMask = 2147483647;
			files = (
				1CFD92559F1FC9AA6B9567CF /* Pods_SneakPeek.framework in Frameworks */,
			);
			runOnlyForDeploymentPostprocessing = 0;
		};
/* End PBXFrameworksBuildPhase section */

/* Begin PBXGroup section */
		04D0E665C00D2187C19A5422 /* Frameworks */ = {
			isa = PBXGroup;
			children = (
				5C7B7CDCF73E83AF651E7A34 /* Pods_SneakPeek.framework */,
			);
			name = Frameworks;
			sourceTree = "<group>";
		};
		3612D65525679B4A003361CE /* Model */ = {
			isa = PBXGroup;
			children = (
				3612D65625679B6F003361CE /* Responses.swift */,
				3612D6582567A23F003361CE /* APINetworking.swift */,
				3684207F2569203600C74879 /* Errors.swift */,
			);
			path = Model;
			sourceTree = "<group>";
		};
		36675D8F2566836B0098192B = {
			isa = PBXGroup;
			children = (
				36675D9A2566836B0098192B /* SneakPeek */,
				36675D992566836B0098192B /* Products */,
				AB466E873A200B58E55D91FD /* Pods */,
				04D0E665C00D2187C19A5422 /* Frameworks */,
			);
			sourceTree = "<group>";
		};
		36675D992566836B0098192B /* Products */ = {
			isa = PBXGroup;
			children = (
				36675D982566836B0098192B /* SneakPeek.app */,
			);
			name = Products;
			sourceTree = "<group>";
		};
		36675D9A2566836B0098192B /* SneakPeek */ = {
			isa = PBXGroup;
			children = (
				368420832569218900C74879 /* Utility */,
				36842089256A37B200C74879 /* View */,
				36842084256A272700C74879 /* ViewModel */,
				3612D65525679B4A003361CE /* Model */,
				36675D9B2566836B0098192B /* AppDelegate.swift */,
				36675D9D2566836B0098192B /* SceneDelegate.swift */,
				36675D9F2566836B0098192B /* ContentView.swift */,
				36675DA12566836E0098192B /* Assets.xcassets */,
				36675DA62566836E0098192B /* LaunchScreen.storyboard */,
				36675DA92566836E0098192B /* Info.plist */,
				36675DA32566836E0098192B /* Preview Content */,
			);
			path = SneakPeek;
			sourceTree = "<group>";
		};
		36675DA32566836E0098192B /* Preview Content */ = {
			isa = PBXGroup;
			children = (
				36675DA42566836E0098192B /* Preview Assets.xcassets */,
			);
			path = "Preview Content";
			sourceTree = "<group>";
		};
		368420832569218900C74879 /* Utility */ = {
			isa = PBXGroup;
			children = (
				368420812569216800C74879 /* Parsing.swift */,
				3684208C256A399600C74879 /* MyColors.swift */,
				3618F4CA2572610500E178EC /* NavigationButton.swift */,
			);
			path = Utility;
			sourceTree = "<group>";
		};
		36842084256A272700C74879 /* ViewModel */ = {
			isa = PBXGroup;
			children = (
				36842085256A273900C74879 /* SearchViewModel.swift */,
				36842087256A2C4C00C74879 /* SearchResultViewModel.swift */,
				3618F4C025722DC300E178EC /* ProductViewBuilder.swift */,
				3618F4C42572304300E178EC /* ProductViewModel.swift */,
				3618F4C62572339E00E178EC /* ProductDetailsViewModel.swift */,
			);
			path = ViewModel;
			sourceTree = "<group>";
		};
		36842089256A37B200C74879 /* View */ = {
			isa = PBXGroup;
			children = (
				3684208A256A37C500C74879 /* Search.swift */,
				36583B5B256B96F70094C8AE /* SearchResult.swift */,
				3618F4BE2571571E00E178EC /* Thumbnaill.swift */,
				3618F4C225722DF300E178EC /* TestView.swift */,
				3618F4C825723A5A00E178EC /* Product.swift */,
			);
			path = View;
			sourceTree = "<group>";
		};
		AB466E873A200B58E55D91FD /* Pods */ = {
			isa = PBXGroup;
			children = (
				C7A97E829DAAA92C4C80AB7C /* Pods-SneakPeek.debug.xcconfig */,
				F4587DCC95173B9753CC0EC1 /* Pods-SneakPeek.release.xcconfig */,
			);
			name = Pods;
			path = Pods;
			sourceTree = "<group>";
		};
/* End PBXGroup section */

/* Begin PBXNativeTarget section */
		36675D972566836B0098192B /* SneakPeek */ = {
			isa = PBXNativeTarget;
			buildConfigurationList = 36675DAC2566836E0098192B /* Build configuration list for PBXNativeTarget "SneakPeek" */;
			buildPhases = (
				E529C0545B06D7FED694E257 /* [CP] Check Pods Manifest.lock */,
				36675D942566836B0098192B /* Sources */,
				36675D952566836B0098192B /* Frameworks */,
				36675D962566836B0098192B /* Resources */,
				AE5359015ABD803A7B86D3CC /* [CP] Embed Pods Frameworks */,
			);
			buildRules = (
			);
			dependencies = (
			);
			name = SneakPeek;
			productName = SneakPeek;
			productReference = 36675D982566836B0098192B /* SneakPeek.app */;
			productType = "com.apple.product-type.application";
		};
/* End PBXNativeTarget section */

/* Begin PBXProject section */
		36675D902566836B0098192B /* Project object */ = {
			isa = PBXProject;
			attributes = {
				LastSwiftUpdateCheck = 1160;
				LastUpgradeCheck = 1160;
				ORGANIZATIONNAME = "Jun suk Bang";
				TargetAttributes = {
					36675D972566836B0098192B = {
						CreatedOnToolsVersion = 11.6;
					};
				};
			};
			buildConfigurationList = 36675D932566836B0098192B /* Build configuration list for PBXProject "SneakPeek" */;
			compatibilityVersion = "Xcode 9.3";
			developmentRegion = en;
			hasScannedForEncodings = 0;
			knownRegions = (
				en,
				Base,
			);
			mainGroup = 36675D8F2566836B0098192B;
			productRefGroup = 36675D992566836B0098192B /* Products */;
			projectDirPath = "";
			projectRoot = "";
			targets = (
				36675D972566836B0098192B /* SneakPeek */,
			);
		};
/* End PBXProject section */

/* Begin PBXResourcesBuildPhase section */
		36675D962566836B0098192B /* Resources */ = {
			isa = PBXResourcesBuildPhase;
			buildActionMask = 2147483647;
			files = (
				36675DA82566836E0098192B /* LaunchScreen.storyboard in Resources */,
				36675DA52566836E0098192B /* Preview Assets.xcassets in Resources */,
				36675DA22566836E0098192B /* Assets.xcassets in Resources */,
			);
			runOnlyForDeploymentPostprocessing = 0;
		};
/* End PBXResourcesBuildPhase section */

/* Begin PBXShellScriptBuildPhase section */
		AE5359015ABD803A7B86D3CC /* [CP] Embed Pods Frameworks */ = {
			isa = PBXShellScriptBuildPhase;
			buildActionMask = 2147483647;
			files = (
			);
			inputFileListPaths = (
				"${PODS_ROOT}/Target Support Files/Pods-SneakPeek/Pods-SneakPeek-frameworks-${CONFIGURATION}-input-files.xcfilelist",
			);
			name = "[CP] Embed Pods Frameworks";
			outputFileListPaths = (
				"${PODS_ROOT}/Target Support Files/Pods-SneakPeek/Pods-SneakPeek-frameworks-${CONFIGURATION}-output-files.xcfilelist",
			);
			runOnlyForDeploymentPostprocessing = 0;
			shellPath = /bin/sh;
			shellScript = "\"${PODS_ROOT}/Target Support Files/Pods-SneakPeek/Pods-SneakPeek-frameworks.sh\"\n";
			showEnvVarsInLog = 0;
		};
		E529C0545B06D7FED694E257 /* [CP] Check Pods Manifest.lock */ = {
			isa = PBXShellScriptBuildPhase;
			buildActionMask = 2147483647;
			files = (
			);
			inputFileListPaths = (
			);
			inputPaths = (
				"${PODS_PODFILE_DIR_PATH}/Podfile.lock",
				"${PODS_ROOT}/Manifest.lock",
			);
			name = "[CP] Check Pods Manifest.lock";
			outputFileListPaths = (
			);
			outputPaths = (
				"$(DERIVED_FILE_DIR)/Pods-SneakPeek-checkManifestLockResult.txt",
			);
			runOnlyForDeploymentPostprocessing = 0;
			shellPath = /bin/sh;
			shellScript = "diff \"${PODS_PODFILE_DIR_PATH}/Podfile.lock\" \"${PODS_ROOT}/Manifest.lock\" > /dev/null\nif [ $? != 0 ] ; then\n    # print error to STDERR\n    echo \"error: The sandbox is not in sync with the Podfile.lock. Run 'pod install' or update your CocoaPods installation.\" >&2\n    exit 1\nfi\n# This output is used by Xcode 'outputs' to avoid re-running this script phase.\necho \"SUCCESS\" > \"${SCRIPT_OUTPUT_FILE_0}\"\n";
			showEnvVarsInLog = 0;
		};
/* End PBXShellScriptBuildPhase section */

/* Begin PBXSourcesBuildPhase section */
		36675D942566836B0098192B /* Sources */ = {
			isa = PBXSourcesBuildPhase;
			buildActionMask = 2147483647;
			files = (
				36842088256A2C4C00C74879 /* SearchResultViewModel.swift in Sources */,
				368420822569216800C74879 /* Parsing.swift in Sources */,
				3612D65725679B6F003361CE /* Responses.swift in Sources */,
				36842086256A273900C74879 /* SearchViewModel.swift in Sources */,
				3612D6592567A23F003361CE /* APINetworking.swift in Sources */,
				3618F4CB2572610500E178EC /* NavigationButton.swift in Sources */,
				3684208D256A399600C74879 /* MyColors.swift in Sources */,
				3618F4C72572339E00E178EC /* ProductDetailsViewModel.swift in Sources */,
				3618F4C325722DF300E178EC /* TestView.swift in Sources */,
				3618F4C125722DC300E178EC /* ProductViewBuilder.swift in Sources */,
				3618F4BF2571571E00E178EC /* Thumbnaill.swift in Sources */,
				36675D9C2566836B0098192B /* AppDelegate.swift in Sources */,
				3618F4C925723A5A00E178EC /* Product.swift in Sources */,
				36675D9E2566836B0098192B /* SceneDelegate.swift in Sources */,
				3684208B256A37C500C74879 /* Search.swift in Sources */,
				368420802569203600C74879 /* Errors.swift in Sources */,
				36583B5C256B96F70094C8AE /* SearchResult.swift in Sources */,
				3618F4C52572304300E178EC /* ProductViewModel.swift in Sources */,
				36675DA02566836B0098192B /* ContentView.swift in Sources */,
			);
			runOnlyForDeploymentPostprocessing = 0;
		};
/* End PBXSourcesBuildPhase section */

/* Begin PBXVariantGroup section */
		36675DA62566836E0098192B /* LaunchScreen.storyboard */ = {
			isa = PBXVariantGroup;
			children = (
				36675DA72566836E0098192B /* Base */,
			);
			name = LaunchScreen.storyboard;
			sourceTree = "<group>";
		};
/* End PBXVariantGroup section */

/* Begin XCBuildConfiguration section */
		36675DAA2566836E0098192B /* Debug */ = {
			isa = XCBuildConfiguration;
			buildSettings = {
				ALWAYS_SEARCH_USER_PATHS = NO;
				CLANG_ANALYZER_NONNULL = YES;
				CLANG_ANALYZER_NUMBER_OBJECT_CONVERSION = YES_AGGRESSIVE;
				CLANG_CXX_LANGUAGE_STANDARD = "gnu++14";
				CLANG_CXX_LIBRARY = "libc++";
				CLANG_ENABLE_MODULES = YES;
				CLANG_ENABLE_OBJC_ARC = YES;
				CLANG_ENABLE_OBJC_WEAK = YES;
				CLANG_WARN_BLOCK_CAPTURE_AUTORELEASING = YES;
				CLANG_WARN_BOOL_CONVERSION = YES;
				CLANG_WARN_COMMA = YES;
				CLANG_WARN_CONSTANT_CONVERSION = YES;
				CLANG_WARN_DEPRECATED_OBJC_IMPLEMENTATIONS = YES;
				CLANG_WARN_DIRECT_OBJC_ISA_USAGE = YES_ERROR;
				CLANG_WARN_DOCUMENTATION_COMMENTS = YES;
				CLANG_WARN_EMPTY_BODY = YES;
				CLANG_WARN_ENUM_CONVERSION = YES;
				CLANG_WARN_INFINITE_RECURSION = YES;
				CLANG_WARN_INT_CONVERSION = YES;
				CLANG_WARN_NON_LITERAL_NULL_CONVERSION = YES;
				CLANG_WARN_OBJC_IMPLICIT_RETAIN_SELF = YES;
				CLANG_WARN_OBJC_LITERAL_CONVERSION = YES;
				CLANG_WARN_OBJC_ROOT_CLASS = YES_ERROR;
				CLANG_WARN_RANGE_LOOP_ANALYSIS = YES;
				CLANG_WARN_STRICT_PROTOTYPES = YES;
				CLANG_WARN_SUSPICIOUS_MOVE = YES;
				CLANG_WARN_UNGUARDED_AVAILABILITY = YES_AGGRESSIVE;
				CLANG_WARN_UNREACHABLE_CODE = YES;
				CLANG_WARN__DUPLICATE_METHOD_MATCH = YES;
				COPY_PHASE_STRIP = NO;
				DEBUG_INFORMATION_FORMAT = dwarf;
				ENABLE_STRICT_OBJC_MSGSEND = YES;
				ENABLE_TESTABILITY = YES;
				GCC_C_LANGUAGE_STANDARD = gnu11;
				GCC_DYNAMIC_NO_PIC = NO;
				GCC_NO_COMMON_BLOCKS = YES;
				GCC_OPTIMIZATION_LEVEL = 0;
				GCC_PREPROCESSOR_DEFINITIONS = (
					"DEBUG=1",
					"$(inherited)",
				);
				GCC_WARN_64_TO_32_BIT_CONVERSION = YES;
				GCC_WARN_ABOUT_RETURN_TYPE = YES_ERROR;
				GCC_WARN_UNDECLARED_SELECTOR = YES;
				GCC_WARN_UNINITIALIZED_AUTOS = YES_AGGRESSIVE;
				GCC_WARN_UNUSED_FUNCTION = YES;
				GCC_WARN_UNUSED_VARIABLE = YES;
				IPHONEOS_DEPLOYMENT_TARGET = 13.6;
				MTL_ENABLE_DEBUG_INFO = INCLUDE_SOURCE;
				MTL_FAST_MATH = YES;
				ONLY_ACTIVE_ARCH = YES;
				SDKROOT = iphoneos;
				SWIFT_ACTIVE_COMPILATION_CONDITIONS = DEBUG;
				SWIFT_OPTIMIZATION_LEVEL = "-Onone";
			};
			name = Debug;
		};
		36675DAB2566836E0098192B /* Release */ = {
			isa = XCBuildConfiguration;
			buildSettings = {
				ALWAYS_SEARCH_USER_PATHS = NO;
				CLANG_ANALYZER_NONNULL = YES;
				CLANG_ANALYZER_NUMBER_OBJECT_CONVERSION = YES_AGGRESSIVE;
				CLANG_CXX_LANGUAGE_STANDARD = "gnu++14";
				CLANG_CXX_LIBRARY = "libc++";
				CLANG_ENABLE_MODULES = YES;
				CLANG_ENABLE_OBJC_ARC = YES;
				CLANG_ENABLE_OBJC_WEAK = YES;
				CLANG_WARN_BLOCK_CAPTURE_AUTORELEASING = YES;
				CLANG_WARN_BOOL_CONVERSION = YES;
				CLANG_WARN_COMMA = YES;
				CLANG_WARN_CONSTANT_CONVERSION = YES;
				CLANG_WARN_DEPRECATED_OBJC_IMPLEMENTATIONS = YES;
				CLANG_WARN_DIRECT_OBJC_ISA_USAGE = YES_ERROR;
				CLANG_WARN_DOCUMENTATION_COMMENTS = YES;
				CLANG_WARN_EMPTY_BODY = YES;
				CLANG_WARN_ENUM_CONVERSION = YES;
				CLANG_WARN_INFINITE_RECURSION = YES;
				CLANG_WARN_INT_CONVERSION = YES;
				CLANG_WARN_NON_LITERAL_NULL_CONVERSION = YES;
				CLANG_WARN_OBJC_IMPLICIT_RETAIN_SELF = YES;
				CLANG_WARN_OBJC_LITERAL_CONVERSION = YES;
				CLANG_WARN_OBJC_ROOT_CLASS = YES_ERROR;
				CLANG_WARN_RANGE_LOOP_ANALYSIS = YES;
				CLANG_WARN_STRICT_PROTOTYPES = YES;
				CLANG_WARN_SUSPICIOUS_MOVE = YES;
				CLANG_WARN_UNGUARDED_AVAILABILITY = YES_AGGRESSIVE;
				CLANG_WARN_UNREACHABLE_CODE = YES;
				CLANG_WARN__DUPLICATE_METHOD_MATCH = YES;
				COPY_PHASE_STRIP = NO;
				DEBUG_INFORMATION_FORMAT = "dwarf-with-dsym";
				ENABLE_NS_ASSERTIONS = NO;
				ENABLE_STRICT_OBJC_MSGSEND = YES;
				GCC_C_LANGUAGE_STANDARD = gnu11;
				GCC_NO_COMMON_BLOCKS = YES;
				GCC_WARN_64_TO_32_BIT_CONVERSION = YES;
				GCC_WARN_ABOUT_RETURN_TYPE = YES_ERROR;
				GCC_WARN_UNDECLARED_SELECTOR = YES;
				GCC_WARN_UNINITIALIZED_AUTOS = YES_AGGRESSIVE;
				GCC_WARN_UNUSED_FUNCTION = YES;
				GCC_WARN_UNUSED_VARIABLE = YES;
				IPHONEOS_DEPLOYMENT_TARGET = 13.6;
				MTL_ENABLE_DEBUG_INFO = NO;
				MTL_FAST_MATH = YES;
				SDKROOT = iphoneos;
				SWIFT_COMPILATION_MODE = wholemodule;
				SWIFT_OPTIMIZATION_LEVEL = "-O";
				VALIDATE_PRODUCT = YES;
			};
			name = Release;
		};
		36675DAD2566836E0098192B /* Debug */ = {
			isa = XCBuildConfiguration;
			baseConfigurationReference = C7A97E829DAAA92C4C80AB7C /* Pods-SneakPeek.debug.xcconfig */;
			buildSettings = {
				ASSETCATALOG_COMPILER_APPICON_NAME = AppIcon;
				CODE_SIGN_STYLE = Automatic;
				DEVELOPMENT_ASSET_PATHS = "\"SneakPeek/Preview Content\"";
				ENABLE_PREVIEWS = YES;
				INFOPLIST_FILE = SneakPeek/Info.plist;
				LD_RUNPATH_SEARCH_PATHS = (
					"$(inherited)",
					"@executable_path/Frameworks",
				);
				PRODUCT_BUNDLE_IDENTIFIER = Olaf.SneakPeek;
				PRODUCT_NAME = "$(TARGET_NAME)";
				SWIFT_VERSION = 5.0;
				TARGETED_DEVICE_FAMILY = "1,2";
			};
			name = Debug;
		};
		36675DAE2566836E0098192B /* Release */ = {
			isa = XCBuildConfiguration;
			baseConfigurationReference = F4587DCC95173B9753CC0EC1 /* Pods-SneakPeek.release.xcconfig */;
			buildSettings = {
				ASSETCATALOG_COMPILER_APPICON_NAME = AppIcon;
				CODE_SIGN_STYLE = Automatic;
				DEVELOPMENT_ASSET_PATHS = "\"SneakPeek/Preview Content\"";
				ENABLE_PREVIEWS = YES;
				INFOPLIST_FILE = SneakPeek/Info.plist;
				LD_RUNPATH_SEARCH_PATHS = (
					"$(inherited)",
					"@executable_path/Frameworks",
				);
				PRODUCT_BUNDLE_IDENTIFIER = Olaf.SneakPeek;
				PRODUCT_NAME = "$(TARGET_NAME)";
				SWIFT_VERSION = 5.0;
				TARGETED_DEVICE_FAMILY = "1,2";
			};
			name = Release;
		};
/* End XCBuildConfiguration section */

/* Begin XCConfigurationList section */
		36675D932566836B0098192B /* Build configuration list for PBXProject "SneakPeek" */ = {
			isa = XCConfigurationList;
			buildConfigurations = (
				36675DAA2566836E0098192B /* Debug */,
				36675DAB2566836E0098192B /* Release */,
			);
			defaultConfigurationIsVisible = 0;
			defaultConfigurationName = Release;
		};
		36675DAC2566836E0098192B /* Build configuration list for PBXNativeTarget "SneakPeek" */ = {
			isa = XCConfigurationList;
			buildConfigurations = (
				36675DAD2566836E0098192B /* Debug */,
				36675DAE2566836E0098192B /* Release */,
			);
			defaultConfigurationIsVisible = 0;
			defaultConfigurationName = Release;
		};
/* End XCConfigurationList section */
	};
	rootObject = 36675D902566836B0098192B /* Project object */;
}
